// !$*UTF8*$!
{
	archiveVersion = 1;
	classes = {
	};
	objectVersion = 60;
	objects = {

/* Begin PBXBuildFile section */
		1A0000000000000000000040 /* Multi-CasualMain.swift in Sources */ = {isa = PBXBuildFile; fileRef = 1A0000000000000000000030 /* Multi-CasualMain.swift */; };
		1A0000000000000000000041 /* RootView.swift in Sources */ = {isa = PBXBuildFile; fileRef = 1A0000000000000000000031 /* RootView.swift */; };
		1A0000000000000000000042 /* Assets.xcassets in Resources */ = {isa = PBXBuildFile; fileRef = 1A0000000000000000000033 /* Assets.xcassets */; };
		1A0000000000000000000043 /* Multi-Casual in Frameworks */ = {isa = PBXBuildFile; productRef = 1A0000000000000000000061 /* Multi-Casual */; };
		1A0000000000000000000044 /* Multi-Casual/Resources/zh-Hans.lproj/Localizable.strings in Resources */ = {isa = PBXBuildFile; fileRef = 1A0000000000000000000034 /* Multi-Casual/Resources/zh-Hans.lproj/Localizable.strings */; };
		2A0000000000000000000040 /* Multi-CasualUITests.swift in Sources */ = {isa = PBXBuildFile; fileRef = 2A0000000000000000000030 /* Multi-CasualUITests.swift */; };
		3A0000000000000000000040 /* Multi-CasualMain.swift in Sources */ = {isa = PBXBuildFile; fileRef = 1A0000000000000000000030 /* Multi-CasualMain.swift */; };
		3A0000000000000000000041 /* RootView.swift in Sources */ = {isa = PBXBuildFile; fileRef = 1A0000000000000000000031 /* RootView.swift */; };
		3A0000000000000000000042 /* Assets.xcassets in Resources */ = {isa = PBXBuildFile; fileRef = 1A0000000000000000000033 /* Assets.xcassets */; };
		3A0000000000000000000043 /* Multi-Casual in Frameworks */ = {isa = PBXBuildFile; productRef = 3A0000000000000000000061 /* Multi-Casual */; };
		3A0000000000000000000044 /* Multi-Casual/Resources/zh-Hans.lproj/Localizable.strings in Resources */ = {isa = PBXBuildFile; fileRef = 1A0000000000000000000034 /* Multi-Casual/Resources/zh-Hans.lproj/Localizable.strings */; };
/* End PBXBuildFile section */

/* Begin PBXContainerItemProxy section */
		2A0000000000000000000070 /* PBXContainerItemProxy */ = {
			isa = PBXContainerItemProxy;
			containerPortal = 1A00000000000000000000D1 /* Project object */;
			proxyType = 1;
			remoteGlobalIDString = 1A0000000000000000000010;
			remoteInfo = Multi-CasualHost;
		};
/* End PBXContainerItemProxy section */

/* Begin PBXFileReference section */
		1A0000000000000000000011 /* Multi-Casual.app */ = {isa = PBXFileReference; explicitFileType = wrapper.application; includeInIndex = 0; path = Multi-Casual.app; sourceTree = BUILT_PRODUCTS_DIR; };
		1A0000000000000000000030 /* Multi-CasualMain.swift */ = {isa = PBXFileReference; lastKnownFileType = sourcecode.swift; path = Multi-CasualMain.swift; sourceTree = "<group>"; };
		1A0000000000000000000031 /* RootView.swift */ = {isa = PBXFileReference; lastKnownFileType = sourcecode.swift; path = RootView.swift; sourceTree = "<group>"; };
		1A0000000000000000000032 /* Info.plist */ = {isa = PBXFileReference; lastKnownFileType = text.plist.xml; path = Info.plist; sourceTree = "<group>"; };
		1A0000000000000000000033 /* Assets.xcassets */ = {isa = PBXFileReference; lastKnownFileType = folder.assetcatalog; path = Assets.xcassets; sourceTree = "<group>"; };
		1A0000000000000000000034 /* Multi-Casual/Resources/zh-Hans.lproj/Localizable.strings */ = {isa = PBXFileReference; lastKnownFileType = text.plist.strings; path = "Multi-Casual/Resources/zh-Hans.lproj/Localizable.strings"; sourceTree = SOURCE_ROOT; };
		2A0000000000000000000011 /* Multi-CasualUITests.xctest */ = {isa = PBXFileReference; explicitFileType = wrapper.cfbundle; includeInIndex = 0; path = Multi-CasualUITests.xctest; sourceTree = BUILT_PRODUCTS_DIR; };
		2A0000000000000000000030 /* Multi-CasualUITests.swift */ = {isa = PBXFileReference; lastKnownFileType = sourcecode.swift; path = Multi-CasualUITests.swift; sourceTree = "<group>"; };
		3A0000000000000000000011 /* Multi-CasualXiaomi.app */ = {isa = PBXFileReference; explicitFileType = wrapper.application; includeInIndex = 0; path = Multi-CasualXiaomi.app; sourceTree = BUILT_PRODUCTS_DIR; };
		3A0000000000000000000032 /* Info-Xiaomi.plist */ = {isa = PBXFileReference; lastKnownFileType = text.plist.xml; path = "Info-Xiaomi.plist"; sourceTree = "<group>"; };
/* End PBXFileReference section */

/* Begin PBXFrameworksBuildPhase section */
		1A0000000000000000000021 /* Frameworks */ = {
			isa = PBXFrameworksBuildPhase;
			buildActionMask = 2147483647;
			files = (
				1A0000000000000000000043 /* Multi-Casual in Frameworks */,
			);
			runOnlyForDeploymentPostprocessing = 0;
		};
		2A0000000000000000000021 /* Frameworks */ = {
			isa = PBXFrameworksBuildPhase;
			buildActionMask = 2147483647;
			files = (
			);
			runOnlyForDeploymentPostprocessing = 0;
		};
		3A0000000000000000000021 /* Frameworks */ = {
			isa = PBXFrameworksBuildPhase;
			buildActionMask = 2147483647;
			files = (
				3A0000000000000000000043 /* Multi-Casual in Frameworks */,
			);
			runOnlyForDeploymentPostprocessing = 0;
		};
/* End PBXFrameworksBuildPhase section */

/* Begin PBXGroup section */
		1A0000000000000000000001 = {
			isa = PBXGroup;
			children = (
				1A0000000000000000000002 /* Multi-CasualHost */,
				1A0000000000000000000034 /* Multi-Casual/Resources/zh-Hans.lproj/Localizable.strings */,
				2A0000000000000000000002 /* Multi-CasualUITests */,
				1A0000000000000000000003 /* Products */,
			);
			sourceTree = "<group>";
		};
		1A0000000000000000000002 /* Multi-CasualHost */ = {
			isa = PBXGroup;
			children = (
				1A0000000000000000000030 /* Multi-CasualMain.swift */,
				1A0000000000000000000031 /* RootView.swift */,
				1A0000000000000000000032 /* Info.plist */,
				3A0000000000000000000032 /* Info-Xiaomi.plist */,
				1A0000000000000000000033 /* Assets.xcassets */,
			);
			path = Multi-CasualHost;
			sourceTree = "<group>";
		};
		1A0000000000000000000003 /* Products */ = {
			isa = PBXGroup;
			children = (
				1A0000000000000000000011 /* Multi-Casual.app */,
				3A0000000000000000000011 /* Multi-CasualXiaomi.app */,
				2A0000000000000000000011 /* Multi-CasualUITests.xctest */,
			);
			name = Products;
			sourceTree = "<group>";
		};
		2A0000000000000000000002 /* Multi-CasualUITests */ = {
			isa = PBXGroup;
			children = (
				2A0000000000000000000030 /* Multi-CasualUITests.swift */,
			);
			path = Multi-CasualUITests;
			sourceTree = "<group>";
		};
/* End PBXGroup section */

/* Begin PBXNativeTarget section */
		1A0000000000000000000010 /* Multi-CasualHost */ = {
			isa = PBXNativeTarget;
			buildConfigurationList = 1A0000000000000000000053 /* Build configuration list for PBXNativeTarget "Multi-CasualHost" */;
			buildPhases = (
				1A0000000000000000000020 /* Sources */,
				1A0000000000000000000021 /* Frameworks */,
				1A0000000000000000000022 /* Resources */,
			);
			buildRules = (
			);
			dependencies = (
			);
			name = Multi-CasualHost;
			packageProductDependencies = (
				1A0000000000000000000061 /* Multi-Casual */,
			);
			productName = Multi-Casual;
			productReference = 1A0000000000000000000011 /* Multi-Casual.app */;
			productType = "com.apple.product-type.application";
		};
		2A0000000000000000000010 /* Multi-CasualUITests */ = {
			isa = PBXNativeTarget;
			buildConfigurationList = 2A0000000000000000000053 /* Build configuration list for PBXNativeTarget "Multi-CasualUITests" */;
			buildPhases = (
				2A0000000000000000000020 /* Sources */,
				2A0000000000000000000021 /* Frameworks */,
				2A0000000000000000000022 /* Resources */,
			);
			buildRules = (
			);
			dependencies = (
				2A0000000000000000000071 /* PBXTargetDependency */,
			);
			name = Multi-CasualUITests;
			packageProductDependencies = (
			);
			productName = Multi-CasualUITests;
			productReference = 2A0000000000000000000011 /* Multi-CasualUITests.xctest */;
			productType = "com.apple.product-type.bundle.ui-testing";
		};
		3A0000000000000000000010 /* Multi-CasualHostXiaomi */ = {
			isa = PBXNativeTarget;
			buildConfigurationList = 3A0000000000000000000053 /* Build configuration list for PBXNativeTarget "Multi-CasualHostXiaomi" */;
			buildPhases = (
				3A0000000000000000000020 /* Sources */,
				3A0000000000000000000021 /* Frameworks */,
				3A0000000000000000000022 /* Resources */,
			);
			buildRules = (
			);
			dependencies = (
			);
			name = Multi-CasualHostXiaomi;
			packageProductDependencies = (
				3A0000000000000000000061 /* Multi-Casual */,
			);
			productName = Multi-CasualXiaomi;
			productReference = 3A0000000000000000000011 /* Multi-CasualXiaomi.app */;
			productType = "com.apple.product-type.application";
		};
/* End PBXNativeTarget section */

/* Begin PBXProject section */
		1A00000000000000000000D1 /* Project object */ = {
			isa = PBXProject;
			attributes = {
				BuildIndependentTargetsInParallel = 1;
				LastSwiftUpdateCheck = 1520;
				LastUpgradeCheck = 2640;
				TargetAttributes = {
					1A0000000000000000000010 = {
						CreatedOnToolsVersion = 15.2;
					};
					2A0000000000000000000010 = {
						CreatedOnToolsVersion = 15.2;
						TestTargetID = 1A0000000000000000000010;
					};
					3A0000000000000000000010 = {
						CreatedOnToolsVersion = 15.2;
					};
				};
			};
			buildConfigurationList = 1A0000000000000000000050 /* Build configuration list for PBXProject "Multi-Casual" */;
			compatibilityVersion = "Xcode 14.0";
			developmentRegion = en;
			hasScannedForEncodings = 0;
			knownRegions = (
				en,
				Base,
				"zh-Hans",
			);
			mainGroup = 1A0000000000000000000001;
			packageReferences = (
				1A0000000000000000000060 /* XCLocalSwiftPackageReference "." */,
			);
			productRefGroup = 1A0000000000000000000003 /* Products */;
			projectDirPath = "";
			projectRoot = "";
			targets = (
				1A0000000000000000000010 /* Multi-CasualHost */,
				3A0000000000000000000010 /* Multi-CasualHostXiaomi */,
				2A0000000000000000000010 /* Multi-CasualUITests */,
			);
		};
/* End PBXProject section */

/* Begin PBXResourcesBuildPhase section */
		1A0000000000000000000022 /* Resources */ = {
			isa = PBXResourcesBuildPhase;
			buildActionMask = 2147483647;
			files = (
				1A0000000000000000000042 /* Assets.xcassets in Resources */,
				1A0000000000000000000044 /* Multi-Casual/Resources/zh-Hans.lproj/Localizable.strings in Resources */,
			);
			runOnlyForDeploymentPostprocessing = 0;
		};
		2A0000000000000000000022 /* Resources */ = {
			isa = PBXResourcesBuildPhase;
			buildActionMask = 2147483647;
			files = (
			);
			runOnlyForDeploymentPostprocessing = 0;
		};
		3A0000000000000000000022 /* Resources */ = {
			isa = PBXResourcesBuildPhase;
			buildActionMask = 2147483647;
			files = (
				3A0000000000000000000042 /* Assets.xcassets in Resources */,
				3A0000000000000000000044 /* Multi-Casual/Resources/zh-Hans.lproj/Localizable.strings in Resources */,
			);
			runOnlyForDeploymentPostprocessing = 0;
		};
/* End PBXResourcesBuildPhase section */

/* Begin PBXSourcesBuildPhase section */
		1A0000000000000000000020 /* Sources */ = {
			isa = PBXSourcesBuildPhase;
			buildActionMask = 2147483647;
			files = (
				1A0000000000000000000040 /* Multi-CasualMain.swift in Sources */,
				1A0000000000000000000041 /* RootView.swift in Sources */,
			);
			runOnlyForDeploymentPostprocessing = 0;
		};
		2A0000000000000000000020 /* Sources */ = {
			isa = PBXSourcesBuildPhase;
			buildActionMask = 2147483647;
			files = (
				2A0000000000000000000040 /* Multi-CasualUITests.swift in Sources */,
			);
			runOnlyForDeploymentPostprocessing = 0;
		};
		3A0000000000000000000020 /* Sources */ = {
			isa = PBXSourcesBuildPhase;
			buildActionMask = 2147483647;
			files = (
				3A0000000000000000000040 /* Multi-CasualMain.swift in Sources */,
				3A0000000000000000000041 /* RootView.swift in Sources */,
			);
			runOnlyForDeploymentPostprocessing = 0;
		};
/* End PBXSourcesBuildPhase section */

/* Begin PBXTargetDependency section */
		2A0000000000000000000071 /* PBXTargetDependency */ = {
			isa = PBXTargetDependency;
			target = 1A0000000000000000000010 /* Multi-CasualHost */;
			targetProxy = 2A0000000000000000000070 /* PBXContainerItemProxy */;
		};
/* End PBXTargetDependency section */

/* Begin XCBuildConfiguration section */
		1A0000000000000000000051 /* Debug */ = {
			isa = XCBuildConfiguration;
			buildSettings = {
				ALWAYS_SEARCH_USER_PATHS = NO;
				ASSETCATALOG_COMPILER_GENERATE_SWIFT_ASSET_SYMBOL_EXTENSIONS = YES;
				CLANG_ANALYZER_LOCALIZABILITY_NONLOCALIZED = YES;
				CLANG_ANALYZER_NONNULL = YES;
				CLANG_ANALYZER_NUMBER_OBJECT_CONVERSION = YES_AGGRESSIVE;
				CLANG_CXX_LANGUAGE_STANDARD = "gnu++20";
				CLANG_ENABLE_MODULES = YES;
				CLANG_ENABLE_OBJC_ARC = YES;
				CLANG_ENABLE_OBJC_WEAK = YES;
				CLANG_WARN_BLOCK_CAPTURE_AUTORELEASING = YES;
				CLANG_WARN_BOOL_CONVERSION = YES;
				CLANG_WARN_COMMA = YES;
				CLANG_WARN_CONSTANT_CONVERSION = YES;
				CLANG_WARN_DEPRECATED_OBJC_IMPLEMENTATIONS = YES;
				CLANG_WARN_DIRECT_OBJC_ISA_USAGE = YES_ERROR;
				CLANG_WARN_DOCUMENTATION_COMMENTS = YES;
				CLANG_WARN_EMPTY_BODY = YES;
				CLANG_WARN_ENUM_CONVERSION = YES;
				CLANG_WARN_INFINITE_RECURSION = YES;
				CLANG_WARN_INT_CONVERSION = YES;
				CLANG_WARN_NON_LITERAL_NULL_CONVERSION = YES;
				CLANG_WARN_OBJC_IMPLICIT_RETAIN_SELF = YES;
				CLANG_WARN_OBJC_LITERAL_CONVERSION = YES;
				CLANG_WARN_OBJC_ROOT_CLASS = YES_ERROR;
				CLANG_WARN_QUOTED_INCLUDE_IN_FRAMEWORK_HEADER = YES;
				CLANG_WARN_RANGE_LOOP_ANALYSIS = YES;
				CLANG_WARN_STRICT_PROTOTYPES = YES;
				CLANG_WARN_SUSPICIOUS_MOVE = YES;
				CLANG_WARN_UNGUARDED_AVAILABILITY = YES_AGGRESSIVE;
				CLANG_WARN_UNREACHABLE_CODE = YES;
				CLANG_WARN__DUPLICATE_METHOD_MATCH = YES;
				COPY_PHASE_STRIP = NO;
				DEBUG_INFORMATION_FORMAT = dwarf;
				ENABLE_STRICT_OBJC_MSGSEND = YES;
				ENABLE_TESTABILITY = YES;
				ENABLE_USER_SCRIPT_SANDBOXING = YES;
				GCC_C_LANGUAGE_STANDARD = gnu17;
				GCC_DYNAMIC_NO_PIC = NO;
				GCC_NO_COMMON_BLOCKS = YES;
				GCC_OPTIMIZATION_LEVEL = 0;
				GCC_PREPROCESSOR_DEFINITIONS = (
					"DEBUG=1",
					"$(inherited)",
				);
				GCC_WARN_64_TO_32_BIT_CONVERSION = YES;
				GCC_WARN_ABOUT_RETURN_TYPE = YES_ERROR;
				GCC_WARN_UNDECLARED_SELECTOR = YES;
				GCC_WARN_UNINITIALIZED_AUTOS = YES_AGGRESSIVE;
				GCC_WARN_UNUSED_FUNCTION = YES;
				GCC_WARN_UNUSED_VARIABLE = YES;
				IPHONEOS_DEPLOYMENT_TARGET = 17.0;
				LOCALIZATION_PREFERS_STRING_CATALOGS = YES;
				MTL_ENABLE_DEBUG_INFO = INCLUDE_SOURCE;
				MTL_FAST_MATH = YES;
				ONLY_ACTIVE_ARCH = YES;
				SDKROOT = iphoneos;
				STRING_CATALOG_GENERATE_SYMBOLS = YES;
				SWIFT_ACTIVE_COMPILATION_CONDITIONS = "DEBUG $(inherited)";
				SWIFT_OPTIMIZATION_LEVEL = "-Onone";
			};
			name = Debug;
		};
		1A0000000000000000000052 /* Release */ = {
			isa = XCBuildConfiguration;
			buildSettings = {
				ALWAYS_SEARCH_USER_PATHS = NO;
				ASSETCATALOG_COMPILER_GENERATE_SWIFT_ASSET_SYMBOL_EXTENSIONS = YES;
				CLANG_ANALYZER_LOCALIZABILITY_NONLOCALIZED = YES;
				CLANG_ANALYZER_NONNULL = YES;
				CLANG_ANALYZER_NUMBER_OBJECT_CONVERSION = YES_AGGRESSIVE;
				CLANG_CXX_LANGUAGE_STANDARD = "gnu++20";
				CLANG_ENABLE_MODULES = YES;
				CLANG_ENABLE_OBJC_ARC = YES;
				CLANG_ENABLE_OBJC_WEAK = YES;
				CLANG_WARN_BLOCK_CAPTURE_AUTORELEASING = YES;
				CLANG_WARN_BOOL_CONVERSION = YES;
				CLANG_WARN_COMMA = YES;
				CLANG_WARN_CONSTANT_CONVERSION = YES;
				CLANG_WARN_DEPRECATED_OBJC_IMPLEMENTATIONS = YES;
				CLANG_WARN_DIRECT_OBJC_ISA_USAGE = YES_ERROR;
				CLANG_WARN_DOCUMENTATION_COMMENTS = YES;
				CLANG_WARN_EMPTY_BODY = YES;
				CLANG_WARN_ENUM_CONVERSION = YES;
				CLANG_WARN_INFINITE_RECURSION = YES;
				CLANG_WARN_INT_CONVERSION = YES;
				CLANG_WARN_NON_LITERAL_NULL_CONVERSION = YES;
				CLANG_WARN_OBJC_IMPLICIT_RETAIN_SELF = YES;
				CLANG_WARN_OBJC_LITERAL_CONVERSION = YES;
				CLANG_WARN_OBJC_ROOT_CLASS = YES_ERROR;
				CLANG_WARN_QUOTED_INCLUDE_IN_FRAMEWORK_HEADER = YES;
				CLANG_WARN_RANGE_LOOP_ANALYSIS = YES;
				CLANG_WARN_STRICT_PROTOTYPES = YES;
				CLANG_WARN_SUSPICIOUS_MOVE = YES;
				CLANG_WARN_UNGUARDED_AVAILABILITY = YES_AGGRESSIVE;
				CLANG_WARN_UNREACHABLE_CODE = YES;
				CLANG_WARN__DUPLICATE_METHOD_MATCH = YES;
				COPY_PHASE_STRIP = NO;
				DEBUG_INFORMATION_FORMAT = "dwarf-with-dsym";
				ENABLE_NS_ASSERTIONS = NO;
				ENABLE_STRICT_OBJC_MSGSEND = YES;
				ENABLE_USER_SCRIPT_SANDBOXING = YES;
				GCC_C_LANGUAGE_STANDARD = gnu17;
				GCC_NO_COMMON_BLOCKS = YES;
				GCC_WARN_64_TO_32_BIT_CONVERSION = YES;
				GCC_WARN_ABOUT_RETURN_TYPE = YES_ERROR;
				GCC_WARN_UNDECLARED_SELECTOR = YES;
				GCC_WARN_UNINITIALIZED_AUTOS = YES_AGGRESSIVE;
				GCC_WARN_UNUSED_FUNCTION = YES;
				GCC_WARN_UNUSED_VARIABLE = YES;
				IPHONEOS_DEPLOYMENT_TARGET = 17.0;
				LOCALIZATION_PREFERS_STRING_CATALOGS = YES;
				MTL_ENABLE_DEBUG_INFO = NO;
				MTL_FAST_MATH = YES;
				SDKROOT = iphoneos;
				STRING_CATALOG_GENERATE_SYMBOLS = YES;
				SWIFT_COMPILATION_MODE = wholemodule;
				VALIDATE_PRODUCT = YES;
			};
			name = Release;
		};
		1A0000000000000000000054 /* Debug */ = {
			isa = XCBuildConfiguration;
			buildSettings = {
				ASSETCATALOG_COMPILER_APPICON_NAME = AppIcon;
				ASSETCATALOG_COMPILER_GLOBAL_ACCENT_COLOR_NAME = AccentColor;
				CODE_SIGN_STYLE = Automatic;
				CURRENT_PROJECT_VERSION = 1;
				DEVELOPMENT_TEAM = 373JSZMNM5;
				ENABLE_PREVIEWS = YES;
				GENERATE_INFOPLIST_FILE = NO;
				INFOPLIST_FILE = Multi-CasualHost/Info.plist;
				IPHONEOS_DEPLOYMENT_TARGET = 17.0;
				LD_RUNPATH_SEARCH_PATHS = (
					"$(inherited)",
					"@executable_path/Frameworks",
				);
				MARKETING_VERSION = 0.1.0;
				MULTI_CASUAL_ALLOWED_EMAIL_DOMAIN_HINT = "";
				MULTI_CASUAL_API_BASE_URL = "https://api.multica.ai";
				MULTI_CASUAL_APP_URL = "https://app.multica.ai";
				MULTI_CASUAL_DISPLAY_NAME = Multi-Casual;
				MULTI_CASUAL_ENVIRONMENT = official;
				MULTI_CASUAL_KEYCHAIN_SERVICE = ai.multi-casual.app;
				MULTI_CASUAL_URL_SCHEME = ai.multi-casual.app;
				MULTI_CASUAL_WS_URL = "wss://api.multica.ai/ws";
				PRODUCT_BUNDLE_IDENTIFIER = ai.multi-casual.app;
				PRODUCT_MODULE_NAME = MultiCasualHost;
				PRODUCT_NAME = Multi-Casual;
				SWIFT_EMIT_LOC_STRINGS = YES;
				SWIFT_VERSION = 5.9;
				TARGETED_DEVICE_FAMILY = "1,2";
			};
			name = Debug;
		};
		1A0000000000000000000055 /* Release */ = {
			isa = XCBuildConfiguration;
			buildSettings = {
				ASSETCATALOG_COMPILER_APPICON_NAME = AppIcon;
				ASSETCATALOG_COMPILER_GLOBAL_ACCENT_COLOR_NAME = AccentColor;
				CODE_SIGN_STYLE = Automatic;
				CURRENT_PROJECT_VERSION = 1;
				DEVELOPMENT_TEAM = 373JSZMNM5;
				ENABLE_PREVIEWS = YES;
				GENERATE_INFOPLIST_FILE = NO;
				INFOPLIST_FILE = Multi-CasualHost/Info.plist;
				IPHONEOS_DEPLOYMENT_TARGET = 17.0;
				LD_RUNPATH_SEARCH_PATHS = (
					"$(inherited)",
					"@executable_path/Frameworks",
				);
				MARKETING_VERSION = 0.1.0;
				MULTI_CASUAL_ALLOWED_EMAIL_DOMAIN_HINT = "";
				MULTI_CASUAL_API_BASE_URL = "https://api.multica.ai";
				MULTI_CASUAL_APP_URL = "https://app.multica.ai";
				MULTI_CASUAL_DISPLAY_NAME = Multi-Casual;
				MULTI_CASUAL_ENVIRONMENT = official;
				MULTI_CASUAL_KEYCHAIN_SERVICE = ai.multi-casual.app;
				MULTI_CASUAL_URL_SCHEME = ai.multi-casual.app;
				MULTI_CASUAL_WS_URL = "wss://api.multica.ai/ws";
				PRODUCT_BUNDLE_IDENTIFIER = ai.multi-casual.app;
				PRODUCT_MODULE_NAME = MultiCasualHost;
				PRODUCT_NAME = Multi-Casual;
				SWIFT_EMIT_LOC_STRINGS = YES;
				SWIFT_VERSION = 5.9;
				TARGETED_DEVICE_FAMILY = "1,2";
			};
			name = Release;
		};
		2A0000000000000000000054 /* Debug */ = {
			isa = XCBuildConfiguration;
			buildSettings = {
				CODE_SIGN_STYLE = Automatic;
				GENERATE_INFOPLIST_FILE = YES;
				IPHONEOS_DEPLOYMENT_TARGET = 17.0;
				LD_RUNPATH_SEARCH_PATHS = (
					"$(inherited)",
					"@executable_path/Frameworks",
					"@loader_path/Frameworks",
				);
				MARKETING_VERSION = 0.1.0;
				PRODUCT_BUNDLE_IDENTIFIER = ai.multi-casual.appUITests;
				PRODUCT_NAME = "$(TARGET_NAME)";
				SWIFT_VERSION = 5.9;
				TARGETED_DEVICE_FAMILY = "1,2";
				TEST_TARGET_NAME = Multi-CasualHost;
			};
			name = Debug;
		};
		2A0000000000000000000055 /* Release */ = {
			isa = XCBuildConfiguration;
			buildSettings = {
				CODE_SIGN_STYLE = Automatic;
				GENERATE_INFOPLIST_FILE = YES;
				IPHONEOS_DEPLOYMENT_TARGET = 17.0;
				LD_RUNPATH_SEARCH_PATHS = (
					"$(inherited)",
					"@executable_path/Frameworks",
					"@loader_path/Frameworks",
				);
				MARKETING_VERSION = 0.1.0;
				PRODUCT_BUNDLE_IDENTIFIER = ai.multi-casual.appUITests;
				PRODUCT_NAME = "$(TARGET_NAME)";
				SWIFT_VERSION = 5.9;
				TARGETED_DEVICE_FAMILY = "1,2";
				TEST_TARGET_NAME = Multi-CasualHost;
			};
			name = Release;
		};
		3A0000000000000000000054 /* Debug */ = {
			isa = XCBuildConfiguration;
			buildSettings = {
				ASSETCATALOG_COMPILER_APPICON_NAME = AppIconXiaomi;
				ASSETCATALOG_COMPILER_GLOBAL_ACCENT_COLOR_NAME = AccentColor;
				CODE_SIGN_STYLE = Automatic;
				CURRENT_PROJECT_VERSION = 1;
				DEVELOPMENT_TEAM = 373JSZMNM5;
				ENABLE_PREVIEWS = YES;
				GENERATE_INFOPLIST_FILE = NO;
				INFOPLIST_FILE = "Multi-CasualHost/Info-Xiaomi.plist";
				IPHONEOS_DEPLOYMENT_TARGET = 17.0;
				LD_RUNPATH_SEARCH_PATHS = (
					"$(inherited)",
					"@executable_path/Frameworks",
				);
				MARKETING_VERSION = 0.1.0;
				MULTI_CASUAL_ALLOWED_EMAIL_DOMAIN_HINT = "@xiaomi.com";
				MULTI_CASUAL_API_BASE_URL = "http://staging-multica.ad.xiaomi.srv";
				MULTI_CASUAL_APP_URL = "http://staging-multica.ad.xiaomi.srv";
				MULTI_CASUAL_DISPLAY_NAME = "Multi-Casual Xiaomi";
				MULTI_CASUAL_ENVIRONMENT = xiaomi;
				MULTI_CASUAL_KEYCHAIN_SERVICE = ai.multi-casual.app.xiaomi;
				MULTI_CASUAL_URL_SCHEME = ai.multi-casual.app.xiaomi;
				MULTI_CASUAL_WS_URL = "ws://staging-multica.ad.xiaomi.srv/ws";
				PRODUCT_BUNDLE_IDENTIFIER = ai.multi-casual.app.xiaomi;
				PRODUCT_MODULE_NAME = MultiCasualHost;
				PRODUCT_NAME = Multi-CasualXiaomi;
				SWIFT_EMIT_LOC_STRINGS = YES;
				SWIFT_VERSION = 5.9;
				TARGETED_DEVICE_FAMILY = "1,2";
			};
			name = Debug;
		};
		3A0000000000000000000055 /* Release */ = {
			isa = XCBuildConfiguration;
			buildSettings = {
				ASSETCATALOG_COMPILER_APPICON_NAME = AppIconXiaomi;
				ASSETCATALOG_COMPILER_GLOBAL_ACCENT_COLOR_NAME = AccentColor;
				CODE_SIGN_STYLE = Automatic;
				CURRENT_PROJECT_VERSION = 1;
				DEVELOPMENT_TEAM = 373JSZMNM5;
				ENABLE_PREVIEWS = YES;
				GENERATE_INFOPLIST_FILE = NO;
				INFOPLIST_FILE = "Multi-CasualHost/Info-Xiaomi.plist";
				IPHONEOS_DEPLOYMENT_TARGET = 17.0;
				LD_RUNPATH_SEARCH_PATHS = (
					"$(inherited)",
					"@executable_path/Frameworks",
				);
				MARKETING_VERSION = 0.1.0;
				MULTI_CASUAL_ALLOWED_EMAIL_DOMAIN_HINT = "@xiaomi.com";
				MULTI_CASUAL_API_BASE_URL = "http://staging-multica.ad.xiaomi.srv";
				MULTI_CASUAL_APP_URL = "http://staging-multica.ad.xiaomi.srv";
				MULTI_CASUAL_DISPLAY_NAME = "Multi-Casual Xiaomi";
				MULTI_CASUAL_ENVIRONMENT = xiaomi;
				MULTI_CASUAL_KEYCHAIN_SERVICE = ai.multi-casual.app.xiaomi;
				MULTI_CASUAL_URL_SCHEME = ai.multi-casual.app.xiaomi;
				MULTI_CASUAL_WS_URL = "ws://staging-multica.ad.xiaomi.srv/ws";
				PRODUCT_BUNDLE_IDENTIFIER = ai.multi-casual.app.xiaomi;
				PRODUCT_MODULE_NAME = MultiCasualHost;
				PRODUCT_NAME = Multi-CasualXiaomi;
				SWIFT_EMIT_LOC_STRINGS = YES;
				SWIFT_VERSION = 5.9;
				TARGETED_DEVICE_FAMILY = "1,2";
			};
			name = Release;
		};
/* End XCBuildConfiguration section */

/* Begin XCConfigurationList section */
		1A0000000000000000000050 /* Build configuration list for PBXProject "Multi-Casual" */ = {
			isa = XCConfigurationList;
			buildConfigurations = (
				1A0000000000000000000051 /* Debug */,
				1A0000000000000000000052 /* Release */,
			);
			defaultConfigurationIsVisible = 0;
			defaultConfigurationName = Release;
		};
		1A0000000000000000000053 /* Build configuration list for PBXNativeTarget "Multi-CasualHost" */ = {
			isa = XCConfigurationList;
			buildConfigurations = (
				1A0000000000000000000054 /* Debug */,
				1A0000000000000000000055 /* Release */,
			);
			defaultConfigurationIsVisible = 0;
			defaultConfigurationName = Release;
		};
		2A0000000000000000000053 /* Build configuration list for PBXNativeTarget "Multi-CasualUITests" */ = {
			isa = XCConfigurationList;
			buildConfigurations = (
				2A0000000000000000000054 /* Debug */,
				2A0000000000000000000055 /* Release */,
			);
			defaultConfigurationIsVisible = 0;
			defaultConfigurationName = Release;
		};
		3A0000000000000000000053 /* Build configuration list for PBXNativeTarget "Multi-CasualHostXiaomi" */ = {
			isa = XCConfigurationList;
			buildConfigurations = (
				3A0000000000000000000054 /* Debug */,
				3A0000000000000000000055 /* Release */,
			);
			defaultConfigurationIsVisible = 0;
			defaultConfigurationName = Release;
		};
/* End XCConfigurationList section */

/* Begin XCLocalSwiftPackageReference section */
		1A0000000000000000000060 /* XCLocalSwiftPackageReference "." */ = {
			isa = XCLocalSwiftPackageReference;
			relativePath = .;
		};
/* End XCLocalSwiftPackageReference section */

/* Begin XCSwiftPackageProductDependency section */
		1A0000000000000000000061 /* Multi-Casual */ = {
			isa = XCSwiftPackageProductDependency;
			productName = MultiCasual;
		};
		3A0000000000000000000061 /* Multi-Casual */ = {
			isa = XCSwiftPackageProductDependency;
			productName = MultiCasual;
		};
/* End XCSwiftPackageProductDependency section */
	};
	rootObject = 1A00000000000000000000D1 /* Project object */;
}
